
Microsoft Visual Studio Solution File, Format Version 12.00
# Visual Studio 15
VisualStudioVersion = 15.0.27130.2010
MinimumVisualStudioVersion = 10.0.40219.1
Project("{FAE04EC0-301F-11D3-BF4B-00C04F79EFBC}") = "ico_maker", "ico_maker\ico_maker.csproj", "{D57DCD7C-A91F-48CF-B09D-9E25E835E932}"
EndProject
Global
	GlobalSection(SolutionConfigurationPlatforms) = preSolution
		Debug|Any CPU = Debug|Any CPU
		Release|Any CPU = Release|Any CPU
	EndGlobalSection
	GlobalSection(ProjectConfigurationPlatforms) = postSolution
		{D57DCD7C-A91F-48CF-B09D-9E25E835E932}.Debug|Any CPU.ActiveCfg = Debug|Any CPU
		{D57DCD7C-A91F-48CF-B09D-9E25E835E932}.Debug|Any CPU.Build.0 = Debug|Any CPU
		{D57DCD7C-A91F-48CF-B09D-9E25E835E932}.Release|Any CPU.ActiveCfg = Release|Any CPU
		{D57DCD7C-A91F-48CF-B09D-9E25E835E932}.Release|Any CPU.Build.0 = Release|Any CPU
	EndGlobalSection
	GlobalSection(SolutionProperties) = preSolution
		HideSolutionNode = FALSE
	EndGlobalSection
	GlobalSection(ExtensibilityGlobals) = postSolution
		SolutionGuid = {565C712D-1477-4985-85DB-2C3AA4BE784B}
	EndGlobalSection
EndGlobal
